
Microsoft Visual Studio Solution File, Format Version 12.00
# Visual Studio Version 16
VisualStudioVersion = 16.0.29123.88
MinimumVisualStudioVersion = 10.0.40219.1
Project("{9A19103F-16F7-4668-BE54-9A1E7A4F7556}") = "Models", "Models\Models.csproj", "{D0A317D2-4A3B-42B2-AAAC-40270A27918F}"
EndProject
Project("{00D1A9C2-B5F0-4AF3-8072-F6C62B433612}") = "DB", "DB\DB.sqlproj", "{5ADE0985-2D6E-4497-9BEC-AFF9E08AC390}"
EndProject
Project("{9A19103F-16F7-4668-BE54-9A1E7A4F7556}") = "Project", "Project\Project.csproj", "{473DA1FA-186E-4A3B-A3B5-DD4B0D24FF25}"
EndProject
Project("{2150E333-8FDC-42A3-9474-1A3956D46DE8}") = "AzureFunctions", "AzureFunctions", "{110E1902-D5FD-486F-9BF9-DDE735A793B4}"
EndProject
Project("{9A19103F-16F7-4668-BE54-9A1E7A4F7556}") = "Web", "Web\Web.csproj", "{053B0DED-F260-4E62-9E06-0AAD89983504}"
EndProject
Project("{FAE04EC0-301F-11D3-BF4B-00C04F79EFBC}") = "Assembly", "Assembly\Assembly.csproj", "{6C220B84-11FE-4F6E-8A61-1F7D27DC21CD}"
EndProject
Project("{FAE04EC0-301F-11D3-BF4B-00C04F79EFBC}") = "Takeoff", "Takeoff\Takeoff.csproj", "{5F0B2800-ECF9-4140-A4A9-322DDDE905DA}"
EndProject
Project("{FAE04EC0-301F-11D3-BF4B-00C04F79EFBC}") = "Rate", "Rate\Rate.csproj", "{2BA227E4-3569-4F75-9B44-82317CC00A87}"
EndProject
Global
	GlobalSection(SolutionConfigurationPlatforms) = preSolution
		Debug|Any CPU = Debug|Any CPU
		Release|Any CPU = Release|Any CPU
	EndGlobalSection
	GlobalSection(ProjectConfigurationPlatforms) = postSolution
		{D0A317D2-4A3B-42B2-AAAC-40270A27918F}.Debug|Any CPU.ActiveCfg = Debug|Any CPU
		{D0A317D2-4A3B-42B2-AAAC-40270A27918F}.Debug|Any CPU.Build.0 = Debug|Any CPU
		{D0A317D2-4A3B-42B2-AAAC-40270A27918F}.Release|Any CPU.ActiveCfg = Release|Any CPU
		{D0A317D2-4A3B-42B2-AAAC-40270A27918F}.Release|Any CPU.Build.0 = Release|Any CPU
		{5ADE0985-2D6E-4497-9BEC-AFF9E08AC390}.Debug|Any CPU.ActiveCfg = Debug|Any CPU
		{5ADE0985-2D6E-4497-9BEC-AFF9E08AC390}.Debug|Any CPU.Build.0 = Debug|Any CPU
		{5ADE0985-2D6E-4497-9BEC-AFF9E08AC390}.Debug|Any CPU.Deploy.0 = Debug|Any CPU
		{5ADE0985-2D6E-4497-9BEC-AFF9E08AC390}.Release|Any CPU.ActiveCfg = Release|Any CPU
		{5ADE0985-2D6E-4497-9BEC-AFF9E08AC390}.Release|Any CPU.Build.0 = Release|Any CPU
		{5ADE0985-2D6E-4497-9BEC-AFF9E08AC390}.Release|Any CPU.Deploy.0 = Release|Any CPU
		{473DA1FA-186E-4A3B-A3B5-DD4B0D24FF25}.Debug|Any CPU.ActiveCfg = Debug|Any CPU
		{473DA1FA-186E-4A3B-A3B5-DD4B0D24FF25}.Debug|Any CPU.Build.0 = Debug|Any CPU
		{473DA1FA-186E-4A3B-A3B5-DD4B0D24FF25}.Release|Any CPU.ActiveCfg = Release|Any CPU
		{473DA1FA-186E-4A3B-A3B5-DD4B0D24FF25}.Release|Any CPU.Build.0 = Release|Any CPU
		{053B0DED-F260-4E62-9E06-0AAD89983504}.Debug|Any CPU.ActiveCfg = Debug|Any CPU
		{053B0DED-F260-4E62-9E06-0AAD89983504}.Debug|Any CPU.Build.0 = Debug|Any CPU
		{053B0DED-F260-4E62-9E06-0AAD89983504}.Release|Any CPU.ActiveCfg = Release|Any CPU
		{053B0DED-F260-4E62-9E06-0AAD89983504}.Release|Any CPU.Build.0 = Release|Any CPU
		{6C220B84-11FE-4F6E-8A61-1F7D27DC21CD}.Debug|Any CPU.ActiveCfg = Debug|Any CPU
		{6C220B84-11FE-4F6E-8A61-1F7D27DC21CD}.Debug|Any CPU.Build.0 = Debug|Any CPU
		{6C220B84-11FE-4F6E-8A61-1F7D27DC21CD}.Release|Any CPU.ActiveCfg = Release|Any CPU
		{6C220B84-11FE-4F6E-8A61-1F7D27DC21CD}.Release|Any CPU.Build.0 = Release|Any CPU
		{5F0B2800-ECF9-4140-A4A9-322DDDE905DA}.Debug|Any CPU.ActiveCfg = Debug|Any CPU
		{5F0B2800-ECF9-4140-A4A9-322DDDE905DA}.Debug|Any CPU.Build.0 = Debug|Any CPU
		{5F0B2800-ECF9-4140-A4A9-322DDDE905DA}.Release|Any CPU.ActiveCfg = Release|Any CPU
		{5F0B2800-ECF9-4140-A4A9-322DDDE905DA}.Release|Any CPU.Build.0 = Release|Any CPU
		{2BA227E4-3569-4F75-9B44-82317CC00A87}.Debug|Any CPU.ActiveCfg = Debug|Any CPU
		{2BA227E4-3569-4F75-9B44-82317CC00A87}.Debug|Any CPU.Build.0 = Debug|Any CPU
		{2BA227E4-3569-4F75-9B44-82317CC00A87}.Release|Any CPU.ActiveCfg = Release|Any CPU
		{2BA227E4-3569-4F75-9B44-82317CC00A87}.Release|Any CPU.Build.0 = Release|Any CPU
	EndGlobalSection
	GlobalSection(SolutionProperties) = preSolution
		HideSolutionNode = FALSE
	EndGlobalSection
	GlobalSection(NestedProjects) = preSolution
		{473DA1FA-186E-4A3B-A3B5-DD4B0D24FF25} = {110E1902-D5FD-486F-9BF9-DDE735A793B4}
		{6C220B84-11FE-4F6E-8A61-1F7D27DC21CD} = {110E1902-D5FD-486F-9BF9-DDE735A793B4}
		{5F0B2800-ECF9-4140-A4A9-322DDDE905DA} = {110E1902-D5FD-486F-9BF9-DDE735A793B4}
		{2BA227E4-3569-4F75-9B44-82317CC00A87} = {110E1902-D5FD-486F-9BF9-DDE735A793B4}
	EndGlobalSection
	GlobalSection(ExtensibilityGlobals) = postSolution
		SolutionGuid = {CFF5940E-194D-4852-B440-9F3CC09CBAE5}
	EndGlobalSection
EndGlobal
