
Microsoft Visual Studio Solution File, Format Version 12.00
# Visual Studio Version 16
VisualStudioVersion = 16.0.29926.136
MinimumVisualStudioVersion = 10.0.40219.1
Project("{9A19103F-16F7-4668-BE54-9A1E7A4F7556}") = "project1", "Model\project1\project1.csproj", "{D0A317D2-4A3B-42B2-AAAC-40270A27918F}"
EndProject
Project("{00D1A9C2-B5F0-4AF3-8072-F6C62B433612}") = "local", "Databases\DB\local.sqlproj", "{5ADE0985-2D6E-4497-9BEC-AFF9E08AC390}"
EndProject
Project("{9A19103F-16F7-4668-BE54-9A1E7A4F7556}") = "Projects", "AzureFunctions\Project\Projects.csproj", "{473DA1FA-186E-4A3B-A3B5-DD4B0D24FF25}"
EndProject
Project("{2150E333-8FDC-42A3-9474-1A3956D46DE8}") = "AzureFunctions", "AzureFunctions", "{110E1902-D5FD-486F-9BF9-DDE735A793B4}"
EndProject
Project("{9A19103F-16F7-4668-BE54-9A1E7A4F7556}") = "Web", "Web\Web.csproj", "{053B0DED-F260-4E62-9E06-0AAD89983504}"
EndProject
Project("{9A19103F-16F7-4668-BE54-9A1E7A4F7556}") = "Assemblies", "AzureFunctions\Assembly\Assemblies.csproj", "{6C220B84-11FE-4F6E-8A61-1F7D27DC21CD}"
EndProject
Project("{9A19103F-16F7-4668-BE54-9A1E7A4F7556}") = "Takeoff", "AzureFunctions\Takeoff\Takeoff.csproj", "{5F0B2800-ECF9-4140-A4A9-322DDDE905DA}"
EndProject
Project("{9A19103F-16F7-4668-BE54-9A1E7A4F7556}") = "Rate", "AzureFunctions\Rate\Rate.csproj", "{2BA227E4-3569-4F75-9B44-82317CC00A87}"
EndProject
Project("{9A19103F-16F7-4668-BE54-9A1E7A4F7556}") = "Tests", "UnitTests\Tests\Tests.csproj", "{D1579AA9-DCB2-47E6-992B-D5DD2F04E5AE}"
EndProject
Project("{2150E333-8FDC-42A3-9474-1A3956D46DE8}") = "Databases", "Databases", "{7F8A33C2-55AA-498F-8DB1-D6C7F5E1B5CA}"
EndProject
Project("{2150E333-8FDC-42A3-9474-1A3956D46DE8}") = "Model", "Model", "{EDF9FE31-143D-48D7-A036-EC35CD2FD589}"
EndProject
Project("{9A19103F-16F7-4668-BE54-9A1E7A4F7556}") = "cache", "Model\cache\cache.csproj", "{7B07D628-3FE1-4BEB-90F5-97C586A463CF}"
EndProject
Project("{9A19103F-16F7-4668-BE54-9A1E7A4F7556}") = "config", "Model\config\config.csproj", "{16180E1C-D7C9-4D1A-8A5D-F2AF0399D792}"
EndProject
Project("{9A19103F-16F7-4668-BE54-9A1E7A4F7556}") = "dialect", "Model\dialect\dialect.csproj", "{FF1D8D5E-8142-4E37-9D6E-C3F557EEB715}"
EndProject
Project("{9A19103F-16F7-4668-BE54-9A1E7A4F7556}") = "layout", "Model\layout\layout.csproj", "{2FFAA8FE-EDC6-4477-8D1A-E85DCF5137A7}"
EndProject
Project("{9A19103F-16F7-4668-BE54-9A1E7A4F7556}") = "local", "Model\local\local.csproj", "{BE87A5A8-0F3A-46B8-BD46-978B04AC15BB}"
EndProject
Project("{9A19103F-16F7-4668-BE54-9A1E7A4F7556}") = "ns", "Model\ns\ns.csproj", "{16AE6C58-5593-4B34-99C3-B4AD415EAE29}"
EndProject
Project("{9A19103F-16F7-4668-BE54-9A1E7A4F7556}") = "report", "Model\report\report.csproj", "{3CF678B2-C36A-4594-B363-6B96B58A18BF}"
EndProject
Project("{9A19103F-16F7-4668-BE54-9A1E7A4F7556}") = "results", "Model\results\results.csproj", "{A1975E37-1644-40B5-8D57-633E04BE040A}"
EndProject
Project("{9A19103F-16F7-4668-BE54-9A1E7A4F7556}") = "types", "Model\types\types.csproj", "{3F6C4C7C-D759-44EE-95CF-E3F7D7B01D4F}"
EndProject
Project("{9A19103F-16F7-4668-BE54-9A1E7A4F7556}") = "utils", "Model\utils\utils.csproj", "{853FD4C1-163C-4B03-9086-CFCF1D9EAAC5}"
EndProject
Project("{9A19103F-16F7-4668-BE54-9A1E7A4F7556}") = "util", "Model\util\util.csproj", "{50D4A73D-5489-4DDD-BC9A-7A04AEEBF4A6}"
EndProject
Project("{9A19103F-16F7-4668-BE54-9A1E7A4F7556}") = "view", "Model\view\view.csproj", "{1B78D537-596D-42AE-9E68-26896B84444E}"
EndProject
Project("{2150E333-8FDC-42A3-9474-1A3956D46DE8}") = "UnitTests", "UnitTests", "{62E032B8-18D9-4069-B09A-E911E59FE5E3}"
EndProject
Project("{9A19103F-16F7-4668-BE54-9A1E7A4F7556}") = "proj", "Model\proj\proj.csproj", "{EB7CFB05-D586-452F-9143-C24B0233EDAC}"
EndProject
Project("{2150E333-8FDC-42A3-9474-1A3956D46DE8}") = "Desktop", "Desktop", "{96CA6516-6D16-4086-B136-90BBF6C0A447}"
EndProject
Project("{9A19103F-16F7-4668-BE54-9A1E7A4F7556}") = "common", "Desktop\common\common.csproj", "{87EB3DDB-2344-4F7C-9477-2FEDDF7607AF}"
EndProject
Project("{9A19103F-16F7-4668-BE54-9A1E7A4F7556}") = "costos", "Desktop\costos\costos.csproj", "{E442465D-BD73-4C83-98BE-04B76014F70F}"
EndProject
Project("{9A19103F-16F7-4668-BE54-9A1E7A4F7556}") = "Interfaces", "Interfaces\Interfaces.csproj", "{D60426DA-839D-418D-89E7-C5B1B58B8975}"
EndProject
Project("{9A19103F-16F7-4668-BE54-9A1E7A4F7556}") = "Models", "Models\Models.csproj", "{F440C795-2A44-434F-AA3D-CEBAC502AA33}"
EndProject
Project("{00D1A9C2-B5F0-4AF3-8072-F6C62B433612}") = "ns", "ns\ns.sqlproj", "{10166BBE-2298-4840-BA9E-F1673B7BB82A}"
EndProject
Project("{00D1A9C2-B5F0-4AF3-8072-F6C62B433612}") = "view", "view\view.sqlproj", "{97CB66EA-B9F0-4275-A96E-E4919A6AC10B}"
EndProject
Project("{00D1A9C2-B5F0-4AF3-8072-F6C62B433612}") = "cache", "cache\cache.sqlproj", "{2BBBCA8F-2F5F-4528-B916-CE5FF7EE27CE}"
EndProject
Project("{00D1A9C2-B5F0-4AF3-8072-F6C62B433612}") = "config", "config\config.sqlproj", "{976B2287-491F-4BBC-80B0-06F99F692A49}"
EndProject
Project("{00D1A9C2-B5F0-4AF3-8072-F6C62B433612}") = "layout", "layout\layout.sqlproj", "{F0488296-FC20-4DC0-9614-694610D4626B}"
EndProject
Project("{00D1A9C2-B5F0-4AF3-8072-F6C62B433612}") = "dialect", "dialect\dialect.sqlproj", "{45A193B5-0ACF-4507-B3CB-EC8A9550F210}"
EndProject
Project("{00D1A9C2-B5F0-4AF3-8072-F6C62B433612}") = "report", "report\report.sqlproj", "{284FB008-BD6E-4DB4-983F-03A8349DB735}"
EndProject
Project("{00D1A9C2-B5F0-4AF3-8072-F6C62B433612}") = "types", "types\types.sqlproj", "{628FCC2B-1928-4A88-999F-27D98D1B9BD5}"
EndProject
Project("{00D1A9C2-B5F0-4AF3-8072-F6C62B433612}") = "results", "results\results.sqlproj", "{48C91F98-0BE4-4747-A5F8-5F3E8F6BD28A}"
EndProject
Project("{00D1A9C2-B5F0-4AF3-8072-F6C62B433612}") = "utils", "utils\utils.sqlproj", "{8125DE92-2BF0-4973-852A-7552FF6D7E24}"
EndProject
Project("{00D1A9C2-B5F0-4AF3-8072-F6C62B433612}") = "util", "util\util.sqlproj", "{EC3BADCE-DC77-472E-942A-7C1F9B3CDFCD}"
EndProject
Project("{9A19103F-16F7-4668-BE54-9A1E7A4F7556}") = "CodeGenerator", "CodeGenerator\CodeGenerator.csproj", "{A132DA7C-726D-426D-80C1-7C665880E3DD}"
EndProject
Project("{00D1A9C2-B5F0-4AF3-8072-F6C62B433612}") = "project", "project\project.sqlproj", "{6A9BA573-92AD-4759-BD31-2554D03C8C2C}"
EndProject
Global
	GlobalSection(SolutionConfigurationPlatforms) = preSolution
		Debug|Any CPU = Debug|Any CPU
		Release|Any CPU = Release|Any CPU
	EndGlobalSection
	GlobalSection(ProjectConfigurationPlatforms) = postSolution
		{D0A317D2-4A3B-42B2-AAAC-40270A27918F}.Debug|Any CPU.ActiveCfg = Debug|Any CPU
		{D0A317D2-4A3B-42B2-AAAC-40270A27918F}.Debug|Any CPU.Build.0 = Debug|Any CPU
		{D0A317D2-4A3B-42B2-AAAC-40270A27918F}.Release|Any CPU.ActiveCfg = Release|Any CPU
		{D0A317D2-4A3B-42B2-AAAC-40270A27918F}.Release|Any CPU.Build.0 = Release|Any CPU
		{5ADE0985-2D6E-4497-9BEC-AFF9E08AC390}.Debug|Any CPU.ActiveCfg = Debug|Any CPU
		{5ADE0985-2D6E-4497-9BEC-AFF9E08AC390}.Debug|Any CPU.Build.0 = Debug|Any CPU
		{5ADE0985-2D6E-4497-9BEC-AFF9E08AC390}.Debug|Any CPU.Deploy.0 = Debug|Any CPU
		{5ADE0985-2D6E-4497-9BEC-AFF9E08AC390}.Release|Any CPU.ActiveCfg = Release|Any CPU
		{5ADE0985-2D6E-4497-9BEC-AFF9E08AC390}.Release|Any CPU.Build.0 = Release|Any CPU
		{5ADE0985-2D6E-4497-9BEC-AFF9E08AC390}.Release|Any CPU.Deploy.0 = Release|Any CPU
		{473DA1FA-186E-4A3B-A3B5-DD4B0D24FF25}.Debug|Any CPU.ActiveCfg = Debug|Any CPU
		{473DA1FA-186E-4A3B-A3B5-DD4B0D24FF25}.Debug|Any CPU.Build.0 = Debug|Any CPU
		{473DA1FA-186E-4A3B-A3B5-DD4B0D24FF25}.Release|Any CPU.ActiveCfg = Release|Any CPU
		{473DA1FA-186E-4A3B-A3B5-DD4B0D24FF25}.Release|Any CPU.Build.0 = Release|Any CPU
		{053B0DED-F260-4E62-9E06-0AAD89983504}.Debug|Any CPU.ActiveCfg = Debug|Any CPU
		{053B0DED-F260-4E62-9E06-0AAD89983504}.Debug|Any CPU.Build.0 = Debug|Any CPU
		{053B0DED-F260-4E62-9E06-0AAD89983504}.Release|Any CPU.ActiveCfg = Release|Any CPU
		{053B0DED-F260-4E62-9E06-0AAD89983504}.Release|Any CPU.Build.0 = Release|Any CPU
		{6C220B84-11FE-4F6E-8A61-1F7D27DC21CD}.Debug|Any CPU.ActiveCfg = Debug|Any CPU
		{6C220B84-11FE-4F6E-8A61-1F7D27DC21CD}.Debug|Any CPU.Build.0 = Debug|Any CPU
		{6C220B84-11FE-4F6E-8A61-1F7D27DC21CD}.Release|Any CPU.ActiveCfg = Release|Any CPU
		{6C220B84-11FE-4F6E-8A61-1F7D27DC21CD}.Release|Any CPU.Build.0 = Release|Any CPU
		{5F0B2800-ECF9-4140-A4A9-322DDDE905DA}.Debug|Any CPU.ActiveCfg = Debug|Any CPU
		{5F0B2800-ECF9-4140-A4A9-322DDDE905DA}.Debug|Any CPU.Build.0 = Debug|Any CPU
		{5F0B2800-ECF9-4140-A4A9-322DDDE905DA}.Release|Any CPU.ActiveCfg = Release|Any CPU
		{5F0B2800-ECF9-4140-A4A9-322DDDE905DA}.Release|Any CPU.Build.0 = Release|Any CPU
		{2BA227E4-3569-4F75-9B44-82317CC00A87}.Debug|Any CPU.ActiveCfg = Debug|Any CPU
		{2BA227E4-3569-4F75-9B44-82317CC00A87}.Debug|Any CPU.Build.0 = Debug|Any CPU
		{2BA227E4-3569-4F75-9B44-82317CC00A87}.Release|Any CPU.ActiveCfg = Release|Any CPU
		{2BA227E4-3569-4F75-9B44-82317CC00A87}.Release|Any CPU.Build.0 = Release|Any CPU
		{D1579AA9-DCB2-47E6-992B-D5DD2F04E5AE}.Debug|Any CPU.ActiveCfg = Debug|Any CPU
		{D1579AA9-DCB2-47E6-992B-D5DD2F04E5AE}.Debug|Any CPU.Build.0 = Debug|Any CPU
		{D1579AA9-DCB2-47E6-992B-D5DD2F04E5AE}.Release|Any CPU.ActiveCfg = Release|Any CPU
		{D1579AA9-DCB2-47E6-992B-D5DD2F04E5AE}.Release|Any CPU.Build.0 = Release|Any CPU
		{7B07D628-3FE1-4BEB-90F5-97C586A463CF}.Debug|Any CPU.ActiveCfg = Debug|Any CPU
		{7B07D628-3FE1-4BEB-90F5-97C586A463CF}.Debug|Any CPU.Build.0 = Debug|Any CPU
		{7B07D628-3FE1-4BEB-90F5-97C586A463CF}.Release|Any CPU.ActiveCfg = Release|Any CPU
		{7B07D628-3FE1-4BEB-90F5-97C586A463CF}.Release|Any CPU.Build.0 = Release|Any CPU
		{16180E1C-D7C9-4D1A-8A5D-F2AF0399D792}.Debug|Any CPU.ActiveCfg = Debug|Any CPU
		{16180E1C-D7C9-4D1A-8A5D-F2AF0399D792}.Debug|Any CPU.Build.0 = Debug|Any CPU
		{16180E1C-D7C9-4D1A-8A5D-F2AF0399D792}.Release|Any CPU.ActiveCfg = Release|Any CPU
		{16180E1C-D7C9-4D1A-8A5D-F2AF0399D792}.Release|Any CPU.Build.0 = Release|Any CPU
		{FF1D8D5E-8142-4E37-9D6E-C3F557EEB715}.Debug|Any CPU.ActiveCfg = Debug|Any CPU
		{FF1D8D5E-8142-4E37-9D6E-C3F557EEB715}.Debug|Any CPU.Build.0 = Debug|Any CPU
		{FF1D8D5E-8142-4E37-9D6E-C3F557EEB715}.Release|Any CPU.ActiveCfg = Release|Any CPU
		{FF1D8D5E-8142-4E37-9D6E-C3F557EEB715}.Release|Any CPU.Build.0 = Release|Any CPU
		{2FFAA8FE-EDC6-4477-8D1A-E85DCF5137A7}.Debug|Any CPU.ActiveCfg = Debug|Any CPU
		{2FFAA8FE-EDC6-4477-8D1A-E85DCF5137A7}.Debug|Any CPU.Build.0 = Debug|Any CPU
		{2FFAA8FE-EDC6-4477-8D1A-E85DCF5137A7}.Release|Any CPU.ActiveCfg = Release|Any CPU
		{2FFAA8FE-EDC6-4477-8D1A-E85DCF5137A7}.Release|Any CPU.Build.0 = Release|Any CPU
		{BE87A5A8-0F3A-46B8-BD46-978B04AC15BB}.Debug|Any CPU.ActiveCfg = Debug|Any CPU
		{BE87A5A8-0F3A-46B8-BD46-978B04AC15BB}.Debug|Any CPU.Build.0 = Debug|Any CPU
		{BE87A5A8-0F3A-46B8-BD46-978B04AC15BB}.Release|Any CPU.ActiveCfg = Release|Any CPU
		{BE87A5A8-0F3A-46B8-BD46-978B04AC15BB}.Release|Any CPU.Build.0 = Release|Any CPU
		{16AE6C58-5593-4B34-99C3-B4AD415EAE29}.Debug|Any CPU.ActiveCfg = Debug|Any CPU
		{16AE6C58-5593-4B34-99C3-B4AD415EAE29}.Debug|Any CPU.Build.0 = Debug|Any CPU
		{16AE6C58-5593-4B34-99C3-B4AD415EAE29}.Release|Any CPU.ActiveCfg = Release|Any CPU
		{16AE6C58-5593-4B34-99C3-B4AD415EAE29}.Release|Any CPU.Build.0 = Release|Any CPU
		{3CF678B2-C36A-4594-B363-6B96B58A18BF}.Debug|Any CPU.ActiveCfg = Debug|Any CPU
		{3CF678B2-C36A-4594-B363-6B96B58A18BF}.Debug|Any CPU.Build.0 = Debug|Any CPU
		{3CF678B2-C36A-4594-B363-6B96B58A18BF}.Release|Any CPU.ActiveCfg = Release|Any CPU
		{3CF678B2-C36A-4594-B363-6B96B58A18BF}.Release|Any CPU.Build.0 = Release|Any CPU
		{A1975E37-1644-40B5-8D57-633E04BE040A}.Debug|Any CPU.ActiveCfg = Debug|Any CPU
		{A1975E37-1644-40B5-8D57-633E04BE040A}.Debug|Any CPU.Build.0 = Debug|Any CPU
		{A1975E37-1644-40B5-8D57-633E04BE040A}.Release|Any CPU.ActiveCfg = Release|Any CPU
		{A1975E37-1644-40B5-8D57-633E04BE040A}.Release|Any CPU.Build.0 = Release|Any CPU
		{3F6C4C7C-D759-44EE-95CF-E3F7D7B01D4F}.Debug|Any CPU.ActiveCfg = Debug|Any CPU
		{3F6C4C7C-D759-44EE-95CF-E3F7D7B01D4F}.Debug|Any CPU.Build.0 = Debug|Any CPU
		{3F6C4C7C-D759-44EE-95CF-E3F7D7B01D4F}.Release|Any CPU.ActiveCfg = Release|Any CPU
		{3F6C4C7C-D759-44EE-95CF-E3F7D7B01D4F}.Release|Any CPU.Build.0 = Release|Any CPU
		{853FD4C1-163C-4B03-9086-CFCF1D9EAAC5}.Debug|Any CPU.ActiveCfg = Debug|Any CPU
		{853FD4C1-163C-4B03-9086-CFCF1D9EAAC5}.Debug|Any CPU.Build.0 = Debug|Any CPU
		{853FD4C1-163C-4B03-9086-CFCF1D9EAAC5}.Release|Any CPU.ActiveCfg = Release|Any CPU
		{853FD4C1-163C-4B03-9086-CFCF1D9EAAC5}.Release|Any CPU.Build.0 = Release|Any CPU
		{50D4A73D-5489-4DDD-BC9A-7A04AEEBF4A6}.Debug|Any CPU.ActiveCfg = Debug|Any CPU
		{50D4A73D-5489-4DDD-BC9A-7A04AEEBF4A6}.Debug|Any CPU.Build.0 = Debug|Any CPU
		{50D4A73D-5489-4DDD-BC9A-7A04AEEBF4A6}.Release|Any CPU.ActiveCfg = Release|Any CPU
		{50D4A73D-5489-4DDD-BC9A-7A04AEEBF4A6}.Release|Any CPU.Build.0 = Release|Any CPU
		{1B78D537-596D-42AE-9E68-26896B84444E}.Debug|Any CPU.ActiveCfg = Debug|Any CPU
		{1B78D537-596D-42AE-9E68-26896B84444E}.Debug|Any CPU.Build.0 = Debug|Any CPU
		{1B78D537-596D-42AE-9E68-26896B84444E}.Release|Any CPU.ActiveCfg = Release|Any CPU
		{1B78D537-596D-42AE-9E68-26896B84444E}.Release|Any CPU.Build.0 = Release|Any CPU
		{EB7CFB05-D586-452F-9143-C24B0233EDAC}.Debug|Any CPU.ActiveCfg = Debug|Any CPU
		{EB7CFB05-D586-452F-9143-C24B0233EDAC}.Debug|Any CPU.Build.0 = Debug|Any CPU
		{EB7CFB05-D586-452F-9143-C24B0233EDAC}.Release|Any CPU.ActiveCfg = Release|Any CPU
		{EB7CFB05-D586-452F-9143-C24B0233EDAC}.Release|Any CPU.Build.0 = Release|Any CPU
		{87EB3DDB-2344-4F7C-9477-2FEDDF7607AF}.Debug|Any CPU.ActiveCfg = Debug|Any CPU
		{87EB3DDB-2344-4F7C-9477-2FEDDF7607AF}.Debug|Any CPU.Build.0 = Debug|Any CPU
		{87EB3DDB-2344-4F7C-9477-2FEDDF7607AF}.Release|Any CPU.ActiveCfg = Release|Any CPU
		{87EB3DDB-2344-4F7C-9477-2FEDDF7607AF}.Release|Any CPU.Build.0 = Release|Any CPU
		{E442465D-BD73-4C83-98BE-04B76014F70F}.Debug|Any CPU.ActiveCfg = Debug|Any CPU
		{E442465D-BD73-4C83-98BE-04B76014F70F}.Debug|Any CPU.Build.0 = Debug|Any CPU
		{E442465D-BD73-4C83-98BE-04B76014F70F}.Release|Any CPU.ActiveCfg = Release|Any CPU
		{E442465D-BD73-4C83-98BE-04B76014F70F}.Release|Any CPU.Build.0 = Release|Any CPU
		{D60426DA-839D-418D-89E7-C5B1B58B8975}.Debug|Any CPU.ActiveCfg = Debug|Any CPU
		{D60426DA-839D-418D-89E7-C5B1B58B8975}.Debug|Any CPU.Build.0 = Debug|Any CPU
		{D60426DA-839D-418D-89E7-C5B1B58B8975}.Release|Any CPU.ActiveCfg = Release|Any CPU
		{D60426DA-839D-418D-89E7-C5B1B58B8975}.Release|Any CPU.Build.0 = Release|Any CPU
		{F440C795-2A44-434F-AA3D-CEBAC502AA33}.Debug|Any CPU.ActiveCfg = Debug|Any CPU
		{F440C795-2A44-434F-AA3D-CEBAC502AA33}.Debug|Any CPU.Build.0 = Debug|Any CPU
		{F440C795-2A44-434F-AA3D-CEBAC502AA33}.Release|Any CPU.ActiveCfg = Release|Any CPU
		{F440C795-2A44-434F-AA3D-CEBAC502AA33}.Release|Any CPU.Build.0 = Release|Any CPU
		{10166BBE-2298-4840-BA9E-F1673B7BB82A}.Debug|Any CPU.ActiveCfg = Debug|Any CPU
		{10166BBE-2298-4840-BA9E-F1673B7BB82A}.Debug|Any CPU.Build.0 = Debug|Any CPU
		{10166BBE-2298-4840-BA9E-F1673B7BB82A}.Debug|Any CPU.Deploy.0 = Debug|Any CPU
		{10166BBE-2298-4840-BA9E-F1673B7BB82A}.Release|Any CPU.ActiveCfg = Release|Any CPU
		{10166BBE-2298-4840-BA9E-F1673B7BB82A}.Release|Any CPU.Build.0 = Release|Any CPU
		{10166BBE-2298-4840-BA9E-F1673B7BB82A}.Release|Any CPU.Deploy.0 = Release|Any CPU
		{97CB66EA-B9F0-4275-A96E-E4919A6AC10B}.Debug|Any CPU.ActiveCfg = Debug|Any CPU
		{97CB66EA-B9F0-4275-A96E-E4919A6AC10B}.Debug|Any CPU.Build.0 = Debug|Any CPU
		{97CB66EA-B9F0-4275-A96E-E4919A6AC10B}.Debug|Any CPU.Deploy.0 = Debug|Any CPU
		{97CB66EA-B9F0-4275-A96E-E4919A6AC10B}.Release|Any CPU.ActiveCfg = Release|Any CPU
		{97CB66EA-B9F0-4275-A96E-E4919A6AC10B}.Release|Any CPU.Build.0 = Release|Any CPU
		{97CB66EA-B9F0-4275-A96E-E4919A6AC10B}.Release|Any CPU.Deploy.0 = Release|Any CPU
		{2BBBCA8F-2F5F-4528-B916-CE5FF7EE27CE}.Debug|Any CPU.ActiveCfg = Debug|Any CPU
		{2BBBCA8F-2F5F-4528-B916-CE5FF7EE27CE}.Debug|Any CPU.Build.0 = Debug|Any CPU
		{2BBBCA8F-2F5F-4528-B916-CE5FF7EE27CE}.Debug|Any CPU.Deploy.0 = Debug|Any CPU
		{2BBBCA8F-2F5F-4528-B916-CE5FF7EE27CE}.Release|Any CPU.ActiveCfg = Release|Any CPU
		{2BBBCA8F-2F5F-4528-B916-CE5FF7EE27CE}.Release|Any CPU.Build.0 = Release|Any CPU
		{2BBBCA8F-2F5F-4528-B916-CE5FF7EE27CE}.Release|Any CPU.Deploy.0 = Release|Any CPU
		{976B2287-491F-4BBC-80B0-06F99F692A49}.Debug|Any CPU.ActiveCfg = Debug|Any CPU
		{976B2287-491F-4BBC-80B0-06F99F692A49}.Debug|Any CPU.Build.0 = Debug|Any CPU
		{976B2287-491F-4BBC-80B0-06F99F692A49}.Debug|Any CPU.Deploy.0 = Debug|Any CPU
		{976B2287-491F-4BBC-80B0-06F99F692A49}.Release|Any CPU.ActiveCfg = Release|Any CPU
		{976B2287-491F-4BBC-80B0-06F99F692A49}.Release|Any CPU.Build.0 = Release|Any CPU
		{976B2287-491F-4BBC-80B0-06F99F692A49}.Release|Any CPU.Deploy.0 = Release|Any CPU
		{F0488296-FC20-4DC0-9614-694610D4626B}.Debug|Any CPU.ActiveCfg = Debug|Any CPU
		{F0488296-FC20-4DC0-9614-694610D4626B}.Debug|Any CPU.Build.0 = Debug|Any CPU
		{F0488296-FC20-4DC0-9614-694610D4626B}.Debug|Any CPU.Deploy.0 = Debug|Any CPU
		{F0488296-FC20-4DC0-9614-694610D4626B}.Release|Any CPU.ActiveCfg = Release|Any CPU
		{F0488296-FC20-4DC0-9614-694610D4626B}.Release|Any CPU.Build.0 = Release|Any CPU
		{F0488296-FC20-4DC0-9614-694610D4626B}.Release|Any CPU.Deploy.0 = Release|Any CPU
		{45A193B5-0ACF-4507-B3CB-EC8A9550F210}.Debug|Any CPU.ActiveCfg = Debug|Any CPU
		{45A193B5-0ACF-4507-B3CB-EC8A9550F210}.Debug|Any CPU.Build.0 = Debug|Any CPU
		{45A193B5-0ACF-4507-B3CB-EC8A9550F210}.Debug|Any CPU.Deploy.0 = Debug|Any CPU
		{45A193B5-0ACF-4507-B3CB-EC8A9550F210}.Release|Any CPU.ActiveCfg = Release|Any CPU
		{45A193B5-0ACF-4507-B3CB-EC8A9550F210}.Release|Any CPU.Build.0 = Release|Any CPU
		{45A193B5-0ACF-4507-B3CB-EC8A9550F210}.Release|Any CPU.Deploy.0 = Release|Any CPU
		{284FB008-BD6E-4DB4-983F-03A8349DB735}.Debug|Any CPU.ActiveCfg = Debug|Any CPU
		{284FB008-BD6E-4DB4-983F-03A8349DB735}.Debug|Any CPU.Build.0 = Debug|Any CPU
		{284FB008-BD6E-4DB4-983F-03A8349DB735}.Debug|Any CPU.Deploy.0 = Debug|Any CPU
		{284FB008-BD6E-4DB4-983F-03A8349DB735}.Release|Any CPU.ActiveCfg = Release|Any CPU
		{284FB008-BD6E-4DB4-983F-03A8349DB735}.Release|Any CPU.Build.0 = Release|Any CPU
		{284FB008-BD6E-4DB4-983F-03A8349DB735}.Release|Any CPU.Deploy.0 = Release|Any CPU
		{628FCC2B-1928-4A88-999F-27D98D1B9BD5}.Debug|Any CPU.ActiveCfg = Debug|Any CPU
		{628FCC2B-1928-4A88-999F-27D98D1B9BD5}.Debug|Any CPU.Build.0 = Debug|Any CPU
		{628FCC2B-1928-4A88-999F-27D98D1B9BD5}.Debug|Any CPU.Deploy.0 = Debug|Any CPU
		{628FCC2B-1928-4A88-999F-27D98D1B9BD5}.Release|Any CPU.ActiveCfg = Release|Any CPU
		{628FCC2B-1928-4A88-999F-27D98D1B9BD5}.Release|Any CPU.Build.0 = Release|Any CPU
		{628FCC2B-1928-4A88-999F-27D98D1B9BD5}.Release|Any CPU.Deploy.0 = Release|Any CPU
		{48C91F98-0BE4-4747-A5F8-5F3E8F6BD28A}.Debug|Any CPU.ActiveCfg = Debug|Any CPU
		{48C91F98-0BE4-4747-A5F8-5F3E8F6BD28A}.Debug|Any CPU.Build.0 = Debug|Any CPU
		{48C91F98-0BE4-4747-A5F8-5F3E8F6BD28A}.Debug|Any CPU.Deploy.0 = Debug|Any CPU
		{48C91F98-0BE4-4747-A5F8-5F3E8F6BD28A}.Release|Any CPU.ActiveCfg = Release|Any CPU
		{48C91F98-0BE4-4747-A5F8-5F3E8F6BD28A}.Release|Any CPU.Build.0 = Release|Any CPU
		{48C91F98-0BE4-4747-A5F8-5F3E8F6BD28A}.Release|Any CPU.Deploy.0 = Release|Any CPU
		{8125DE92-2BF0-4973-852A-7552FF6D7E24}.Debug|Any CPU.ActiveCfg = Debug|Any CPU
		{8125DE92-2BF0-4973-852A-7552FF6D7E24}.Debug|Any CPU.Build.0 = Debug|Any CPU
		{8125DE92-2BF0-4973-852A-7552FF6D7E24}.Debug|Any CPU.Deploy.0 = Debug|Any CPU
		{8125DE92-2BF0-4973-852A-7552FF6D7E24}.Release|Any CPU.ActiveCfg = Release|Any CPU
		{8125DE92-2BF0-4973-852A-7552FF6D7E24}.Release|Any CPU.Build.0 = Release|Any CPU
		{8125DE92-2BF0-4973-852A-7552FF6D7E24}.Release|Any CPU.Deploy.0 = Release|Any CPU
		{EC3BADCE-DC77-472E-942A-7C1F9B3CDFCD}.Debug|Any CPU.ActiveCfg = Debug|Any CPU
		{EC3BADCE-DC77-472E-942A-7C1F9B3CDFCD}.Debug|Any CPU.Build.0 = Debug|Any CPU
		{EC3BADCE-DC77-472E-942A-7C1F9B3CDFCD}.Debug|Any CPU.Deploy.0 = Debug|Any CPU
		{EC3BADCE-DC77-472E-942A-7C1F9B3CDFCD}.Release|Any CPU.ActiveCfg = Release|Any CPU
		{EC3BADCE-DC77-472E-942A-7C1F9B3CDFCD}.Release|Any CPU.Build.0 = Release|Any CPU
		{EC3BADCE-DC77-472E-942A-7C1F9B3CDFCD}.Release|Any CPU.Deploy.0 = Release|Any CPU
		{A132DA7C-726D-426D-80C1-7C665880E3DD}.Debug|Any CPU.ActiveCfg = Debug|Any CPU
		{A132DA7C-726D-426D-80C1-7C665880E3DD}.Debug|Any CPU.Build.0 = Debug|Any CPU
		{A132DA7C-726D-426D-80C1-7C665880E3DD}.Release|Any CPU.ActiveCfg = Release|Any CPU
		{A132DA7C-726D-426D-80C1-7C665880E3DD}.Release|Any CPU.Build.0 = Release|Any CPU
		{6A9BA573-92AD-4759-BD31-2554D03C8C2C}.Debug|Any CPU.ActiveCfg = Debug|Any CPU
		{6A9BA573-92AD-4759-BD31-2554D03C8C2C}.Debug|Any CPU.Build.0 = Debug|Any CPU
		{6A9BA573-92AD-4759-BD31-2554D03C8C2C}.Debug|Any CPU.Deploy.0 = Debug|Any CPU
		{6A9BA573-92AD-4759-BD31-2554D03C8C2C}.Release|Any CPU.ActiveCfg = Release|Any CPU
		{6A9BA573-92AD-4759-BD31-2554D03C8C2C}.Release|Any CPU.Build.0 = Release|Any CPU
		{6A9BA573-92AD-4759-BD31-2554D03C8C2C}.Release|Any CPU.Deploy.0 = Release|Any CPU
	EndGlobalSection
	GlobalSection(SolutionProperties) = preSolution
		HideSolutionNode = FALSE
	EndGlobalSection
	GlobalSection(NestedProjects) = preSolution
		{D0A317D2-4A3B-42B2-AAAC-40270A27918F} = {EDF9FE31-143D-48D7-A036-EC35CD2FD589}
		{5ADE0985-2D6E-4497-9BEC-AFF9E08AC390} = {7F8A33C2-55AA-498F-8DB1-D6C7F5E1B5CA}
		{473DA1FA-186E-4A3B-A3B5-DD4B0D24FF25} = {110E1902-D5FD-486F-9BF9-DDE735A793B4}
		{6C220B84-11FE-4F6E-8A61-1F7D27DC21CD} = {110E1902-D5FD-486F-9BF9-DDE735A793B4}
		{5F0B2800-ECF9-4140-A4A9-322DDDE905DA} = {110E1902-D5FD-486F-9BF9-DDE735A793B4}
		{2BA227E4-3569-4F75-9B44-82317CC00A87} = {110E1902-D5FD-486F-9BF9-DDE735A793B4}
		{D1579AA9-DCB2-47E6-992B-D5DD2F04E5AE} = {62E032B8-18D9-4069-B09A-E911E59FE5E3}
		{7B07D628-3FE1-4BEB-90F5-97C586A463CF} = {EDF9FE31-143D-48D7-A036-EC35CD2FD589}
		{16180E1C-D7C9-4D1A-8A5D-F2AF0399D792} = {EDF9FE31-143D-48D7-A036-EC35CD2FD589}
		{FF1D8D5E-8142-4E37-9D6E-C3F557EEB715} = {EDF9FE31-143D-48D7-A036-EC35CD2FD589}
		{2FFAA8FE-EDC6-4477-8D1A-E85DCF5137A7} = {EDF9FE31-143D-48D7-A036-EC35CD2FD589}
		{BE87A5A8-0F3A-46B8-BD46-978B04AC15BB} = {EDF9FE31-143D-48D7-A036-EC35CD2FD589}
		{16AE6C58-5593-4B34-99C3-B4AD415EAE29} = {EDF9FE31-143D-48D7-A036-EC35CD2FD589}
		{3CF678B2-C36A-4594-B363-6B96B58A18BF} = {EDF9FE31-143D-48D7-A036-EC35CD2FD589}
		{A1975E37-1644-40B5-8D57-633E04BE040A} = {EDF9FE31-143D-48D7-A036-EC35CD2FD589}
		{3F6C4C7C-D759-44EE-95CF-E3F7D7B01D4F} = {EDF9FE31-143D-48D7-A036-EC35CD2FD589}
		{853FD4C1-163C-4B03-9086-CFCF1D9EAAC5} = {EDF9FE31-143D-48D7-A036-EC35CD2FD589}
		{50D4A73D-5489-4DDD-BC9A-7A04AEEBF4A6} = {EDF9FE31-143D-48D7-A036-EC35CD2FD589}
		{1B78D537-596D-42AE-9E68-26896B84444E} = {EDF9FE31-143D-48D7-A036-EC35CD2FD589}
		{EB7CFB05-D586-452F-9143-C24B0233EDAC} = {EDF9FE31-143D-48D7-A036-EC35CD2FD589}
		{87EB3DDB-2344-4F7C-9477-2FEDDF7607AF} = {96CA6516-6D16-4086-B136-90BBF6C0A447}
		{E442465D-BD73-4C83-98BE-04B76014F70F} = {96CA6516-6D16-4086-B136-90BBF6C0A447}
		{10166BBE-2298-4840-BA9E-F1673B7BB82A} = {7F8A33C2-55AA-498F-8DB1-D6C7F5E1B5CA}
		{97CB66EA-B9F0-4275-A96E-E4919A6AC10B} = {7F8A33C2-55AA-498F-8DB1-D6C7F5E1B5CA}
		{2BBBCA8F-2F5F-4528-B916-CE5FF7EE27CE} = {7F8A33C2-55AA-498F-8DB1-D6C7F5E1B5CA}
		{976B2287-491F-4BBC-80B0-06F99F692A49} = {7F8A33C2-55AA-498F-8DB1-D6C7F5E1B5CA}
		{F0488296-FC20-4DC0-9614-694610D4626B} = {7F8A33C2-55AA-498F-8DB1-D6C7F5E1B5CA}
		{45A193B5-0ACF-4507-B3CB-EC8A9550F210} = {7F8A33C2-55AA-498F-8DB1-D6C7F5E1B5CA}
		{284FB008-BD6E-4DB4-983F-03A8349DB735} = {7F8A33C2-55AA-498F-8DB1-D6C7F5E1B5CA}
		{628FCC2B-1928-4A88-999F-27D98D1B9BD5} = {7F8A33C2-55AA-498F-8DB1-D6C7F5E1B5CA}
		{48C91F98-0BE4-4747-A5F8-5F3E8F6BD28A} = {7F8A33C2-55AA-498F-8DB1-D6C7F5E1B5CA}
		{8125DE92-2BF0-4973-852A-7552FF6D7E24} = {7F8A33C2-55AA-498F-8DB1-D6C7F5E1B5CA}
		{EC3BADCE-DC77-472E-942A-7C1F9B3CDFCD} = {7F8A33C2-55AA-498F-8DB1-D6C7F5E1B5CA}
		{6A9BA573-92AD-4759-BD31-2554D03C8C2C} = {7F8A33C2-55AA-498F-8DB1-D6C7F5E1B5CA}
	EndGlobalSection
	GlobalSection(ExtensibilityGlobals) = postSolution
		SolutionGuid = {CFF5940E-194D-4852-B440-9F3CC09CBAE5}
	EndGlobalSection
EndGlobal
