
Microsoft Visual Studio Solution File, Format Version 12.00
# Visual Studio Version 16
VisualStudioVersion = 16.0.29806.167
MinimumVisualStudioVersion = 10.0.40219.1
Project("{2150E333-8FDC-42A3-9474-1A3956D46DE8}") = "Databases", "Databases", "{48B0653F-FFE4-4F42-88CF-236733452B31}"
EndProject
Project("{00D1A9C2-B5F0-4AF3-8072-F6C62B433612}") = "layout", "Databases\layout\layout.sqlproj", "{94CC9319-1F9A-415D-BF50-CD6BC54A93D5}"
EndProject
Project("{00D1A9C2-B5F0-4AF3-8072-F6C62B433612}") = "local", "Databases\local\local.sqlproj", "{B95FBC76-6D31-458E-978A-1451144839B9}"
EndProject
Project("{00D1A9C2-B5F0-4AF3-8072-F6C62B433612}") = "ns", "Databases\ns\ns.sqlproj", "{DC4A9921-E09E-466C-874C-C8E54598F7DE}"
EndProject
Project("{00D1A9C2-B5F0-4AF3-8072-F6C62B433612}") = "project", "Databases\project\project.sqlproj", "{85C06B84-B6EA-4259-B509-2F3BC43336F7}"
EndProject
Project("{00D1A9C2-B5F0-4AF3-8072-F6C62B433612}") = "report", "Databases\report\report.sqlproj", "{BF7DA679-D740-478F-AFFD-431C119EA727}"
EndProject
Project("{00D1A9C2-B5F0-4AF3-8072-F6C62B433612}") = "results", "Databases\results\results.sqlproj", "{11253082-B469-4B33-8B0C-2C65772F08A7}"
EndProject
Project("{00D1A9C2-B5F0-4AF3-8072-F6C62B433612}") = "types", "Databases\types\types.sqlproj", "{2AE813BE-3B18-4D9E-9C5F-5E02DCF27826}"
EndProject
Project("{00D1A9C2-B5F0-4AF3-8072-F6C62B433612}") = "utils", "Databases\utils\utils.sqlproj", "{FE674CF1-EA5C-4E47-9055-5ADD2585224E}"
EndProject
Project("{00D1A9C2-B5F0-4AF3-8072-F6C62B433612}") = "view", "Databases\view\view.sqlproj", "{0630C9EA-6F9D-4E8F-A396-8DA065AAEDC9}"
EndProject
Project("{9A19103F-16F7-4668-BE54-9A1E7A4F7556}") = "Models", "Models\Models.csproj", "{475E08E6-C012-452B-8A5F-35C319C611AF}"
EndProject
Project("{9A19103F-16F7-4668-BE54-9A1E7A4F7556}") = "Helpers", "Helpers\Helpers.csproj", "{F7482B3A-C95A-4BC5-A749-90A31359E46B}"
EndProject
Project("{9A19103F-16F7-4668-BE54-9A1E7A4F7556}") = "REST", "REST\REST.csproj", "{E23DF689-446F-4CE5-9616-852D210D8EAE}"
EndProject
Project("{00D1A9C2-B5F0-4AF3-8072-F6C62B433612}") = "cache", "Databases\cache\cache.sqlproj", "{A26BB2C8-DC7E-4208-8F14-439A02C6C7E5}"
EndProject
Project("{00D1A9C2-B5F0-4AF3-8072-F6C62B433612}") = "config", "Databases\config\config.sqlproj", "{974A5DB4-2310-4B2C-9EA0-BC5D8D3F61D2}"
EndProject
Project("{00D1A9C2-B5F0-4AF3-8072-F6C62B433612}") = "dialect", "Databases\dialect\dialect.sqlproj", "{9D02EAB0-0790-4FE9-945F-3CB7CA80568B}"
EndProject
Project("{9A19103F-16F7-4668-BE54-9A1E7A4F7556}") = "UI", "UI\UI.csproj", "{E528B722-13A4-448E-92B3-C7EAD844CC10}"
EndProject
Project("{9A19103F-16F7-4668-BE54-9A1E7A4F7556}") = "API", "API\API.csproj", "{F8C4EB4E-AD71-47AA-9E71-8B3FB9BC5982}"
EndProject
Project("{2150E333-8FDC-42A3-9474-1A3956D46DE8}") = "Functions", "Functions", "{B7EBD21F-53C2-41C4-B348-DF69101E83CF}"
EndProject
Project("{9A19103F-16F7-4668-BE54-9A1E7A4F7556}") = "API.Tests", "API.Tests\API.Tests.csproj", "{476CD6C6-F271-44CC-B34F-86BC23FB4861}"
EndProject
Project("{9A19103F-16F7-4668-BE54-9A1E7A4F7556}") = "Diagnostics", "Diagnostics\Diagnostics.csproj", "{C297613C-A0E7-4D97-BDFE-8E7159BC9F95}"
EndProject
Global
	GlobalSection(SolutionConfigurationPlatforms) = preSolution
		Debug|Any CPU = Debug|Any CPU
		Release|Any CPU = Release|Any CPU
	EndGlobalSection
	GlobalSection(ProjectConfigurationPlatforms) = postSolution
		{94CC9319-1F9A-415D-BF50-CD6BC54A93D5}.Debug|Any CPU.ActiveCfg = Debug|Any CPU
		{94CC9319-1F9A-415D-BF50-CD6BC54A93D5}.Debug|Any CPU.Build.0 = Debug|Any CPU
		{94CC9319-1F9A-415D-BF50-CD6BC54A93D5}.Debug|Any CPU.Deploy.0 = Debug|Any CPU
		{94CC9319-1F9A-415D-BF50-CD6BC54A93D5}.Release|Any CPU.ActiveCfg = Release|Any CPU
		{94CC9319-1F9A-415D-BF50-CD6BC54A93D5}.Release|Any CPU.Build.0 = Release|Any CPU
		{94CC9319-1F9A-415D-BF50-CD6BC54A93D5}.Release|Any CPU.Deploy.0 = Release|Any CPU
		{B95FBC76-6D31-458E-978A-1451144839B9}.Debug|Any CPU.ActiveCfg = Debug|Any CPU
		{B95FBC76-6D31-458E-978A-1451144839B9}.Debug|Any CPU.Build.0 = Debug|Any CPU
		{B95FBC76-6D31-458E-978A-1451144839B9}.Debug|Any CPU.Deploy.0 = Debug|Any CPU
		{B95FBC76-6D31-458E-978A-1451144839B9}.Release|Any CPU.ActiveCfg = Release|Any CPU
		{B95FBC76-6D31-458E-978A-1451144839B9}.Release|Any CPU.Build.0 = Release|Any CPU
		{B95FBC76-6D31-458E-978A-1451144839B9}.Release|Any CPU.Deploy.0 = Release|Any CPU
		{DC4A9921-E09E-466C-874C-C8E54598F7DE}.Debug|Any CPU.ActiveCfg = Debug|Any CPU
		{DC4A9921-E09E-466C-874C-C8E54598F7DE}.Debug|Any CPU.Build.0 = Debug|Any CPU
		{DC4A9921-E09E-466C-874C-C8E54598F7DE}.Debug|Any CPU.Deploy.0 = Debug|Any CPU
		{DC4A9921-E09E-466C-874C-C8E54598F7DE}.Release|Any CPU.ActiveCfg = Release|Any CPU
		{DC4A9921-E09E-466C-874C-C8E54598F7DE}.Release|Any CPU.Build.0 = Release|Any CPU
		{DC4A9921-E09E-466C-874C-C8E54598F7DE}.Release|Any CPU.Deploy.0 = Release|Any CPU
		{85C06B84-B6EA-4259-B509-2F3BC43336F7}.Debug|Any CPU.ActiveCfg = Debug|Any CPU
		{85C06B84-B6EA-4259-B509-2F3BC43336F7}.Debug|Any CPU.Build.0 = Debug|Any CPU
		{85C06B84-B6EA-4259-B509-2F3BC43336F7}.Debug|Any CPU.Deploy.0 = Debug|Any CPU
		{85C06B84-B6EA-4259-B509-2F3BC43336F7}.Release|Any CPU.ActiveCfg = Release|Any CPU
		{85C06B84-B6EA-4259-B509-2F3BC43336F7}.Release|Any CPU.Build.0 = Release|Any CPU
		{85C06B84-B6EA-4259-B509-2F3BC43336F7}.Release|Any CPU.Deploy.0 = Release|Any CPU
		{BF7DA679-D740-478F-AFFD-431C119EA727}.Debug|Any CPU.ActiveCfg = Debug|Any CPU
		{BF7DA679-D740-478F-AFFD-431C119EA727}.Debug|Any CPU.Build.0 = Debug|Any CPU
		{BF7DA679-D740-478F-AFFD-431C119EA727}.Debug|Any CPU.Deploy.0 = Debug|Any CPU
		{BF7DA679-D740-478F-AFFD-431C119EA727}.Release|Any CPU.ActiveCfg = Release|Any CPU
		{BF7DA679-D740-478F-AFFD-431C119EA727}.Release|Any CPU.Build.0 = Release|Any CPU
		{BF7DA679-D740-478F-AFFD-431C119EA727}.Release|Any CPU.Deploy.0 = Release|Any CPU
		{11253082-B469-4B33-8B0C-2C65772F08A7}.Debug|Any CPU.ActiveCfg = Debug|Any CPU
		{11253082-B469-4B33-8B0C-2C65772F08A7}.Debug|Any CPU.Build.0 = Debug|Any CPU
		{11253082-B469-4B33-8B0C-2C65772F08A7}.Debug|Any CPU.Deploy.0 = Debug|Any CPU
		{11253082-B469-4B33-8B0C-2C65772F08A7}.Release|Any CPU.ActiveCfg = Release|Any CPU
		{11253082-B469-4B33-8B0C-2C65772F08A7}.Release|Any CPU.Build.0 = Release|Any CPU
		{11253082-B469-4B33-8B0C-2C65772F08A7}.Release|Any CPU.Deploy.0 = Release|Any CPU
		{2AE813BE-3B18-4D9E-9C5F-5E02DCF27826}.Debug|Any CPU.ActiveCfg = Debug|Any CPU
		{2AE813BE-3B18-4D9E-9C5F-5E02DCF27826}.Debug|Any CPU.Build.0 = Debug|Any CPU
		{2AE813BE-3B18-4D9E-9C5F-5E02DCF27826}.Debug|Any CPU.Deploy.0 = Debug|Any CPU
		{2AE813BE-3B18-4D9E-9C5F-5E02DCF27826}.Release|Any CPU.ActiveCfg = Release|Any CPU
		{2AE813BE-3B18-4D9E-9C5F-5E02DCF27826}.Release|Any CPU.Build.0 = Release|Any CPU
		{2AE813BE-3B18-4D9E-9C5F-5E02DCF27826}.Release|Any CPU.Deploy.0 = Release|Any CPU
		{FE674CF1-EA5C-4E47-9055-5ADD2585224E}.Debug|Any CPU.ActiveCfg = Debug|Any CPU
		{FE674CF1-EA5C-4E47-9055-5ADD2585224E}.Debug|Any CPU.Build.0 = Debug|Any CPU
		{FE674CF1-EA5C-4E47-9055-5ADD2585224E}.Debug|Any CPU.Deploy.0 = Debug|Any CPU
		{FE674CF1-EA5C-4E47-9055-5ADD2585224E}.Release|Any CPU.ActiveCfg = Release|Any CPU
		{FE674CF1-EA5C-4E47-9055-5ADD2585224E}.Release|Any CPU.Build.0 = Release|Any CPU
		{FE674CF1-EA5C-4E47-9055-5ADD2585224E}.Release|Any CPU.Deploy.0 = Release|Any CPU
		{0630C9EA-6F9D-4E8F-A396-8DA065AAEDC9}.Debug|Any CPU.ActiveCfg = Debug|Any CPU
		{0630C9EA-6F9D-4E8F-A396-8DA065AAEDC9}.Debug|Any CPU.Build.0 = Debug|Any CPU
		{0630C9EA-6F9D-4E8F-A396-8DA065AAEDC9}.Debug|Any CPU.Deploy.0 = Debug|Any CPU
		{0630C9EA-6F9D-4E8F-A396-8DA065AAEDC9}.Release|Any CPU.ActiveCfg = Release|Any CPU
		{0630C9EA-6F9D-4E8F-A396-8DA065AAEDC9}.Release|Any CPU.Build.0 = Release|Any CPU
		{0630C9EA-6F9D-4E8F-A396-8DA065AAEDC9}.Release|Any CPU.Deploy.0 = Release|Any CPU
		{475E08E6-C012-452B-8A5F-35C319C611AF}.Debug|Any CPU.ActiveCfg = Debug|Any CPU
		{475E08E6-C012-452B-8A5F-35C319C611AF}.Debug|Any CPU.Build.0 = Debug|Any CPU
		{475E08E6-C012-452B-8A5F-35C319C611AF}.Release|Any CPU.ActiveCfg = Release|Any CPU
		{475E08E6-C012-452B-8A5F-35C319C611AF}.Release|Any CPU.Build.0 = Release|Any CPU
		{F7482B3A-C95A-4BC5-A749-90A31359E46B}.Debug|Any CPU.ActiveCfg = Debug|Any CPU
		{F7482B3A-C95A-4BC5-A749-90A31359E46B}.Debug|Any CPU.Build.0 = Debug|Any CPU
		{F7482B3A-C95A-4BC5-A749-90A31359E46B}.Release|Any CPU.ActiveCfg = Release|Any CPU
		{F7482B3A-C95A-4BC5-A749-90A31359E46B}.Release|Any CPU.Build.0 = Release|Any CPU
		{E23DF689-446F-4CE5-9616-852D210D8EAE}.Debug|Any CPU.ActiveCfg = Debug|Any CPU
		{E23DF689-446F-4CE5-9616-852D210D8EAE}.Debug|Any CPU.Build.0 = Debug|Any CPU
		{E23DF689-446F-4CE5-9616-852D210D8EAE}.Release|Any CPU.ActiveCfg = Release|Any CPU
		{E23DF689-446F-4CE5-9616-852D210D8EAE}.Release|Any CPU.Build.0 = Release|Any CPU
		{A26BB2C8-DC7E-4208-8F14-439A02C6C7E5}.Debug|Any CPU.ActiveCfg = Debug|Any CPU
		{A26BB2C8-DC7E-4208-8F14-439A02C6C7E5}.Debug|Any CPU.Build.0 = Debug|Any CPU
		{A26BB2C8-DC7E-4208-8F14-439A02C6C7E5}.Debug|Any CPU.Deploy.0 = Debug|Any CPU
		{A26BB2C8-DC7E-4208-8F14-439A02C6C7E5}.Release|Any CPU.ActiveCfg = Release|Any CPU
		{A26BB2C8-DC7E-4208-8F14-439A02C6C7E5}.Release|Any CPU.Build.0 = Release|Any CPU
		{A26BB2C8-DC7E-4208-8F14-439A02C6C7E5}.Release|Any CPU.Deploy.0 = Release|Any CPU
		{974A5DB4-2310-4B2C-9EA0-BC5D8D3F61D2}.Debug|Any CPU.ActiveCfg = Debug|Any CPU
		{974A5DB4-2310-4B2C-9EA0-BC5D8D3F61D2}.Debug|Any CPU.Build.0 = Debug|Any CPU
		{974A5DB4-2310-4B2C-9EA0-BC5D8D3F61D2}.Debug|Any CPU.Deploy.0 = Debug|Any CPU
		{974A5DB4-2310-4B2C-9EA0-BC5D8D3F61D2}.Release|Any CPU.ActiveCfg = Release|Any CPU
		{974A5DB4-2310-4B2C-9EA0-BC5D8D3F61D2}.Release|Any CPU.Build.0 = Release|Any CPU
		{974A5DB4-2310-4B2C-9EA0-BC5D8D3F61D2}.Release|Any CPU.Deploy.0 = Release|Any CPU
		{9D02EAB0-0790-4FE9-945F-3CB7CA80568B}.Debug|Any CPU.ActiveCfg = Debug|Any CPU
		{9D02EAB0-0790-4FE9-945F-3CB7CA80568B}.Debug|Any CPU.Build.0 = Debug|Any CPU
		{9D02EAB0-0790-4FE9-945F-3CB7CA80568B}.Debug|Any CPU.Deploy.0 = Debug|Any CPU
		{9D02EAB0-0790-4FE9-945F-3CB7CA80568B}.Release|Any CPU.ActiveCfg = Release|Any CPU
		{9D02EAB0-0790-4FE9-945F-3CB7CA80568B}.Release|Any CPU.Build.0 = Release|Any CPU
		{9D02EAB0-0790-4FE9-945F-3CB7CA80568B}.Release|Any CPU.Deploy.0 = Release|Any CPU
		{E528B722-13A4-448E-92B3-C7EAD844CC10}.Debug|Any CPU.ActiveCfg = Debug|Any CPU
		{E528B722-13A4-448E-92B3-C7EAD844CC10}.Debug|Any CPU.Build.0 = Debug|Any CPU
		{E528B722-13A4-448E-92B3-C7EAD844CC10}.Release|Any CPU.ActiveCfg = Release|Any CPU
		{E528B722-13A4-448E-92B3-C7EAD844CC10}.Release|Any CPU.Build.0 = Release|Any CPU
		{F8C4EB4E-AD71-47AA-9E71-8B3FB9BC5982}.Debug|Any CPU.ActiveCfg = Debug|Any CPU
		{F8C4EB4E-AD71-47AA-9E71-8B3FB9BC5982}.Debug|Any CPU.Build.0 = Debug|Any CPU
		{F8C4EB4E-AD71-47AA-9E71-8B3FB9BC5982}.Release|Any CPU.ActiveCfg = Release|Any CPU
		{F8C4EB4E-AD71-47AA-9E71-8B3FB9BC5982}.Release|Any CPU.Build.0 = Release|Any CPU
		{476CD6C6-F271-44CC-B34F-86BC23FB4861}.Debug|Any CPU.ActiveCfg = Debug|Any CPU
		{476CD6C6-F271-44CC-B34F-86BC23FB4861}.Debug|Any CPU.Build.0 = Debug|Any CPU
		{476CD6C6-F271-44CC-B34F-86BC23FB4861}.Release|Any CPU.ActiveCfg = Release|Any CPU
		{476CD6C6-F271-44CC-B34F-86BC23FB4861}.Release|Any CPU.Build.0 = Release|Any CPU
		{C297613C-A0E7-4D97-BDFE-8E7159BC9F95}.Debug|Any CPU.ActiveCfg = Debug|Any CPU
		{C297613C-A0E7-4D97-BDFE-8E7159BC9F95}.Debug|Any CPU.Build.0 = Debug|Any CPU
		{C297613C-A0E7-4D97-BDFE-8E7159BC9F95}.Release|Any CPU.ActiveCfg = Release|Any CPU
		{C297613C-A0E7-4D97-BDFE-8E7159BC9F95}.Release|Any CPU.Build.0 = Release|Any CPU
	EndGlobalSection
	GlobalSection(SolutionProperties) = preSolution
		HideSolutionNode = FALSE
	EndGlobalSection
	GlobalSection(NestedProjects) = preSolution
		{94CC9319-1F9A-415D-BF50-CD6BC54A93D5} = {48B0653F-FFE4-4F42-88CF-236733452B31}
		{B95FBC76-6D31-458E-978A-1451144839B9} = {48B0653F-FFE4-4F42-88CF-236733452B31}
		{DC4A9921-E09E-466C-874C-C8E54598F7DE} = {48B0653F-FFE4-4F42-88CF-236733452B31}
		{85C06B84-B6EA-4259-B509-2F3BC43336F7} = {48B0653F-FFE4-4F42-88CF-236733452B31}
		{BF7DA679-D740-478F-AFFD-431C119EA727} = {48B0653F-FFE4-4F42-88CF-236733452B31}
		{11253082-B469-4B33-8B0C-2C65772F08A7} = {48B0653F-FFE4-4F42-88CF-236733452B31}
		{2AE813BE-3B18-4D9E-9C5F-5E02DCF27826} = {48B0653F-FFE4-4F42-88CF-236733452B31}
		{FE674CF1-EA5C-4E47-9055-5ADD2585224E} = {48B0653F-FFE4-4F42-88CF-236733452B31}
		{0630C9EA-6F9D-4E8F-A396-8DA065AAEDC9} = {48B0653F-FFE4-4F42-88CF-236733452B31}
		{A26BB2C8-DC7E-4208-8F14-439A02C6C7E5} = {48B0653F-FFE4-4F42-88CF-236733452B31}
		{974A5DB4-2310-4B2C-9EA0-BC5D8D3F61D2} = {48B0653F-FFE4-4F42-88CF-236733452B31}
		{9D02EAB0-0790-4FE9-945F-3CB7CA80568B} = {48B0653F-FFE4-4F42-88CF-236733452B31}
	EndGlobalSection
	GlobalSection(ExtensibilityGlobals) = postSolution
		SolutionGuid = {339E1B3F-646D-465B-BA33-26C3F1CFCE16}
	EndGlobalSection
EndGlobal
